<?xml version="1.0" encoding="utf-8"?>
<Project xmlns="http://schemas.microsoft.com/developer/msbuild/2003" ToolsVersion="4.0">
  <ItemGroup>
    <Filter Include="Header Files">
      <UniqueIdentifier>{4D1BFFCC-9CEB-4ABF-A951-582870FE71FD}</UniqueIdentifier>
      <Extensions>h;hpp;hxx;hm;inl;inc;xsd</Extensions>
    </Filter>
    <Filter Include="Header Files\TouchGFX">
      <UniqueIdentifier>{29C60541-803D-4F43-8683-028D9DA5E0CB}</UniqueIdentifier>
    </Filter>
    <Filter Include="Header Files\TouchGFX\common">
      <UniqueIdentifier>{AF2BF67C-89EC-4545-B0D2-5BD6803628D4}</UniqueIdentifier>
    </Filter>
    <Filter Include="Header Files\TouchGFX\mvp">
      <UniqueIdentifier>{A8F51E02-A400-49F1-AC86-371872A7E5E6}</UniqueIdentifier>
    </Filter>
    <Filter Include="Header Files\TouchGFX\platform">
      <UniqueIdentifier>{493CF637-721C-4516-8638-3EE4790FB455}</UniqueIdentifier>
    </Filter>
    <Filter Include="Header Files\TouchGFX\touchgfx">
      <UniqueIdentifier>{7187028B-6482-4EB3-8556-EECD38E0636B}</UniqueIdentifier>
    </Filter>
    <Filter Include="Header Files\TouchGFX\platform\driver">
      <UniqueIdentifier>{D2E6B448-6B79-434F-A8EB-C8F8415957E9}</UniqueIdentifier>
    </Filter>
    <Filter Include="Header Files\TouchGFX\platform\hal">
      <UniqueIdentifier>{07737357-9365-4A8F-B2F6-908B5FC4E808}</UniqueIdentifier>
    </Filter>
    <Filter Include="Header Files\TouchGFX\touchgfx\canvas_widget_renderer">
      <UniqueIdentifier>{085B248B-6BE1-4BF8-9913-35526BAEE4C7}</UniqueIdentifier>
    </Filter>
    <Filter Include="Header Files\TouchGFX\touchgfx\containers">
      <UniqueIdentifier>{E08C6B18-2F0E-4861-87D5-80FB0411017E}</UniqueIdentifier>
    </Filter>
    <Filter Include="Header Files\TouchGFX\touchgfx\events">
      <UniqueIdentifier>{29D72404-E5CB-472C-B00F-3784DF3CCD1E}</UniqueIdentifier>
    </Filter>
    <Filter Include="Header Files\TouchGFX\touchgfx\hal">
      <UniqueIdentifier>{09561B72-532B-45EB-8E32-CAA31C349F83}</UniqueIdentifier>
    </Filter>
    <Filter Include="Header Files\TouchGFX\touchgfx\lcd">
      <UniqueIdentifier>{A89B6308-CBC1-48EC-BF14-B3C6106FACCE}</UniqueIdentifier>
    </Filter>
    <Filter Include="Header Files\TouchGFX\touchgfx\mixins">
      <UniqueIdentifier>{DB82A963-BE52-4494-BD5E-358C5E79C081}</UniqueIdentifier>
    </Filter>
    <Filter Include="Header Files\TouchGFX\touchgfx\transforms">
      <UniqueIdentifier>{509E01BB-FBF4-4198-B748-936C1B67839A}</UniqueIdentifier>
    </Filter>
    <Filter Include="Header Files\TouchGFX\touchgfx\transitions">
      <UniqueIdentifier>{3F023E56-225A-4D4C-9D20-74447A23BAD9}</UniqueIdentifier>
    </Filter>
    <Filter Include="Header Files\TouchGFX\touchgfx\widgets">
      <UniqueIdentifier>{0E9A8FD3-B71B-46B9-B1F6-3A18292FFAC4}</UniqueIdentifier>
    </Filter>
    <Filter Include="Header Files\TouchGFX\platform\driver\lcd">
      <UniqueIdentifier>{9B32A742-EBA9-4EBA-832E-0421D7E68BC5}</UniqueIdentifier>
    </Filter>
    <Filter Include="Header Files\TouchGFX\platform\driver\touch">
      <UniqueIdentifier>{8C31441B-2191-4B32-869D-7B253AECB28F}</UniqueIdentifier>
    </Filter>
    <Filter Include="Header Files\TouchGFX\platform\hal\simulator">
      <UniqueIdentifier>{464CC9FB-AFF6-4FFA-B4D8-BCAC4B2B8898}</UniqueIdentifier>
    </Filter>
    <Filter Include="Header Files\TouchGFX\touchgfx\containers\clock">
      <UniqueIdentifier>{B7237C13-DD69-4F78-8446-9A554431E3F8}</UniqueIdentifier>
    </Filter>
    <Filter Include="Header Files\TouchGFX\touchgfx\containers\progress_indicators">
      <UniqueIdentifier>{5E0E884F-0059-4306-94BA-3197219750E3}</UniqueIdentifier>
    </Filter>
    <Filter Include="Header Files\TouchGFX\touchgfx\widgets\canvas">
      <UniqueIdentifier>{DBFF640A-BD63-40BC-A0A5-2468BC461037}</UniqueIdentifier>
    </Filter>
    <Filter Include="Header Files\TouchGFX\platform\hal\simulator\sdl2">
      <UniqueIdentifier>{EA3962C0-553C-4CFD-A89B-A116A9493818}</UniqueIdentifier>
    </Filter>
    <Filter Include="Header Files\generated">
      <UniqueIdentifier>{29C60541-803D-4F44-8783-028D9DA5E0CC}</UniqueIdentifier>
    </Filter>
    <Filter Include="Header Files\generated\simulator">
      <UniqueIdentifier>{29C60541-803D-4F43-8683-028D9DA5E0CC}</UniqueIdentifier>
    </Filter>
    <Filter Include="Resource Files">
      <UniqueIdentifier>{92BBFF14-FBDB-4755-BA47-A830D863D92B}</UniqueIdentifier>
      <Extensions>rc;ico;cur;bmp;dlg;rc2;rct;bin;rgs;gif;jpg;jpeg;jpe;resx;tiff;tif;ttf;otf;bdf;png;wav;xml;props;mfcribbon-ms</Extensions>
    </Filter>
    <Filter Include="Resource Files\assets">
      <UniqueIdentifier>{AF899B0F-78BE-47F9-A912-E92CB9156E40}</UniqueIdentifier>
    </Filter>
    <Filter Include="Resource Files\config">
      <UniqueIdentifier>{29E8A9F8-6504-4625-AB47-671A3F665E51}</UniqueIdentifier>
    </Filter>
    <Filter Include="Resource Files\assets\texts">
      <UniqueIdentifier>{382278FD-2B19-4E89-AE4F-24AF77E7A270}</UniqueIdentifier>
    </Filter>
    <Filter Include="Resource Files\config\msvs">
      <UniqueIdentifier>{C24EAEDB-9A3F-43DC-87FB-C7AC2729A078}</UniqueIdentifier>
    </Filter>
    <Filter Include="Source Files">
      <UniqueIdentifier>{2F3FC0AA-97C4-4366-9939-94A0FF4E028C}</UniqueIdentifier>
      <Extensions>cpp;c;cc;cxx;def;odl;idl;hpj;bat;asm;asmx</Extensions>
    </Filter>
    <Filter Include="Source Files\TouchGFX">
      <UniqueIdentifier>{C07B02A9-A55E-47AA-AD61-59A6AAD754E6}</UniqueIdentifier>
    </Filter>
    <Filter Include="Source Files\TouchGFX\platform">
      <UniqueIdentifier>{33EDC2DB-AF72-480C-92E5-2A2833BCAB6F}</UniqueIdentifier>
    </Filter>
    <Filter Include="Source Files\TouchGFX\platform\driver">
      <UniqueIdentifier>{1D8EFD90-430A-4539-9080-16A38861D20A}</UniqueIdentifier>
    </Filter>
    <Filter Include="Source Files\TouchGFX\platform\hal">
      <UniqueIdentifier>{E8DECBF2-0C8E-4397-8603-3101D6F922D6}</UniqueIdentifier>
    </Filter>
    <Filter Include="Source Files\TouchGFX\platform\driver\touch">
      <UniqueIdentifier>{40F0D55D-79D9-488A-AF83-ADC96179EADF}</UniqueIdentifier>
    </Filter>
    <Filter Include="Source Files\TouchGFX\platform\hal\simulator">
      <UniqueIdentifier>{3FB50DD5-31DA-4042-B7FD-2151C58CDA80}</UniqueIdentifier>
    </Filter>
    <Filter Include="Source Files\TouchGFX\platform\hal\simulator\sdl2">
      <UniqueIdentifier>{B48CB42B-0F9E-4815-BFE1-1ACC1150ED8A}</UniqueIdentifier>
    </Filter>
    <Filter Include="Source Files\simulator">
      <UniqueIdentifier>{C07B03A9-A55E-47AA-AD61-59A6AAD754E6}</UniqueIdentifier>
    </Filter>
    <Filter Include="Source Files\generated">
      <UniqueIdentifier>{C07B02B9-A55E-47AB-AD61-59A6AAD754E6}</UniqueIdentifier>
    </Filter>
    <Filter Include="Source Files\generated\simulator">
      <UniqueIdentifier>{C07B02B9-A55E-47AA-AD61-59A6AAD754E6}</UniqueIdentifier>
    </Filter>
    <Filter Include="Header Files\gui">
      <UniqueIdentifier>927E2666-A61A-4CCA-B820-804BA88D5B02</UniqueIdentifier>
    </Filter>
    <Filter Include="Source Files\gui">
      <UniqueIdentifier>2DD8E109-5790-58DC-E5E0-7F71E9BBE614</UniqueIdentifier>
    </Filter>
    <Filter Include="Source Files\generated\gui_generated">
      <UniqueIdentifier>99CF8F1B-CFF1-BE2C-3330-AAD0BD9A913E</UniqueIdentifier>
    </Filter>
    <Filter Include="Header Files\gui\model">
      <UniqueIdentifier>ACF45AD6-3DBA-6696-BFD6-2B79F28369A5</UniqueIdentifier>
    </Filter>
    <Filter Include="Source Files\gui\model">
      <UniqueIdentifier>3DCA1ECC-F3F5-7661-A638-CCF19D25EE6F</UniqueIdentifier>
    </Filter>
    <Filter Include="Header Files\generated\gui_generated">
      <UniqueIdentifier>10AA0F36-0C61-1831-2675-62D30C51B6E6</UniqueIdentifier>
    </Filter>
    <Filter Include="Source Files\gui\common">
      <UniqueIdentifier>08131230-BCFE-ED13-9185-2A7B0EC8A663</UniqueIdentifier>
    </Filter>
    <Filter Include="Header Files\gui\common">
      <UniqueIdentifier>8159B046-C5BB-2D15-2A5B-C7D138BF87DB</UniqueIdentifier>
    </Filter>
    <Filter Include="Header Files\generated\simulator\include">
      <UniqueIdentifier>998F669C-BA76-2AA6-6AA8-FADDD85EA276</UniqueIdentifier>
    </Filter>
    <Filter Include="Source Files\generated\simulator\video">
      <UniqueIdentifier>35861B7E-8131-8DC6-BB39-FFBD17EA3D05</UniqueIdentifier>
    </Filter>
    <Filter Include="Header Files\generated\gui_generated\common">
      <UniqueIdentifier>82B34C8B-1819-512C-52EA-A5F3F676955E</UniqueIdentifier>
    </Filter>
    <Filter Include="Header Files\generated\gui_generated\containers">
      <UniqueIdentifier>7E54A0DA-E5C8-BD60-4163-2C4565EAE7B9</UniqueIdentifier>
    </Filter>
    <Filter Include="Source Files\generated\gui_generated\containers">
      <UniqueIdentifier>A0100AC8-4B2D-5BA8-D587-D3C0C3EEBDA6</UniqueIdentifier>
    </Filter>
    <Filter Include="Source Files\generated\gui_generated\common">
      <UniqueIdentifier>33F77889-375F-8D6F-A4CF-CD0D43FC9B00</UniqueIdentifier>
    </Filter>
    <Filter Include="Header Files\generated\simulator\include\simulator">
      <UniqueIdentifier>370F81F5-9004-E747-AB64-A2E4F470A6E2</UniqueIdentifier>
    </Filter>
    <Filter Include="Header Files\generated\simulator\include\simulator\video">
      <UniqueIdentifier>1F795793-1F36-3098-3A28-3F0DF74435C8</UniqueIdentifier>
    </Filter>
    <Filter Include="Source Files\gui\homescreen_screen">
      <UniqueIdentifier>7F041BB0-9A08-A789-9D1B-E984CC80C654</UniqueIdentifier>
    </Filter>
    <Filter Include="Header Files\gui\homescreen_screen">
      <UniqueIdentifier>861986FB-4945-24BA-E6F1-C7ECCCD356E6</UniqueIdentifier>
    </Filter>
    <Filter Include="Header Files\generated\gui_generated\homescreen_screen">
      <UniqueIdentifier>5A5924E7-43EC-FC1D-C73F-A3869DDE264D</UniqueIdentifier>
    </Filter>
    <Filter Include="Source Files\generated\gui_generated\homescreen_screen">
      <UniqueIdentifier>FD5B8145-35BC-7133-7665-BA3D8D5BDB08</UniqueIdentifier>
    </Filter>
    <Filter Include="Source Files\gui\main_page_screen">
      <UniqueIdentifier>A239A048-AB4D-275D-FDA6-4C9AAF16C983</UniqueIdentifier>
    </Filter>
    <Filter Include="Header Files\gui\main_page_screen">
      <UniqueIdentifier>F27DC9DF-EF9E-F77B-9BDB-42E05E3376D7</UniqueIdentifier>
    </Filter>
    <Filter Include="Header Files\gui\timer_screen">
      <UniqueIdentifier>9D6373BD-4657-FEAE-7436-C09CF6A229EE</UniqueIdentifier>
    </Filter>
    <Filter Include="Source Files\gui\timer_screen">
      <UniqueIdentifier>C90F17E0-1FBE-3A28-BC85-0E86A0226C50</UniqueIdentifier>
    </Filter>
    <Filter Include="Header Files\gui\coutton_screen">
      <UniqueIdentifier>24E1434E-7C66-1176-5E76-333480B69CA3</UniqueIdentifier>
    </Filter>
    <Filter Include="Source Files\gui\coutton_screen">
      <UniqueIdentifier>0455B108-09B3-40E5-6F48-1FDA6EA0EB59</UniqueIdentifier>
    </Filter>
    <Filter Include="Source Files\generated\gui_generated\coutton_screen">
      <UniqueIdentifier>07F95311-FD87-5BFD-0EAE-1D97E441F769</UniqueIdentifier>
    </Filter>
    <Filter Include="Header Files\generated\gui_generated\coutton_screen">
      <UniqueIdentifier>7F10955A-470A-C1D2-9231-9AEC2609540D</UniqueIdentifier>
    </Filter>
    <Filter Include="Source Files\generated\gui_generated\timer_screen">
      <UniqueIdentifier>61A10D37-3E5F-E045-019E-D0806AE2067F</UniqueIdentifier>
    </Filter>
    <Filter Include="Header Files\generated\gui_generated\main_page_screen">
      <UniqueIdentifier>18E8B1D2-D4FD-0E3C-DC58-01952CBF84FA</UniqueIdentifier>
    </Filter>
    <Filter Include="Source Files\generated\gui_generated\main_page_screen">
      <UniqueIdentifier>BA815AE8-4563-8D64-178D-D4A9D84A8692</UniqueIdentifier>
    </Filter>
    <Filter Include="Header Files\generated\gui_generated\timer_screen">
      <UniqueIdentifier>07CEB11B-2241-C591-2229-932FB06BF4AA</UniqueIdentifier>
    </Filter>
    <Filter Include="Header Files\gui\wifi_screen">
      <UniqueIdentifier>EEECF2E6-8311-8FB5-E91B-799DCA45C47D</UniqueIdentifier>
    </Filter>
    <Filter Include="Source Files\gui\are_screen">
      <UniqueIdentifier>194FA903-40A0-0A39-F246-6A549BD35642</UniqueIdentifier>
    </Filter>
    <Filter Include="Source Files\gui\wifi_screen">
      <UniqueIdentifier>D01E2B6E-307C-BA49-DBA0-8E7F399955CB</UniqueIdentifier>
    </Filter>
    <Filter Include="Header Files\gui\are_screen">
      <UniqueIdentifier>F62C20A6-E986-260F-5FF1-2EAB1F49775E</UniqueIdentifier>
    </Filter>
    <Filter Include="Header Files\gui\heat_screen">
      <UniqueIdentifier>ACBE427D-01E2-095A-FAD5-476B22B9E7D4</UniqueIdentifier>
    </Filter>
    <Filter Include="Source Files\gui\heat_screen">
      <UniqueIdentifier>B962E6EA-9AB6-A4EB-A397-9CC088F82762</UniqueIdentifier>
    </Filter>
    <Filter Include="Header Files\gui\vcc_screen">
      <UniqueIdentifier>76368E97-45BE-4CED-D3A0-2369DEAAABF8</UniqueIdentifier>
    </Filter>
    <Filter Include="Source Files\gui\vcc_screen">
      <UniqueIdentifier>9D526DED-E4D0-832F-1443-B541BE2F8B87</UniqueIdentifier>
    </Filter>
    <Filter Include="Source Files\generated\gui_generated\vcc_screen">
      <UniqueIdentifier>43C067F2-8B8F-2EC3-F725-4EE6A34EEA95</UniqueIdentifier>
    </Filter>
    <Filter Include="Header Files\generated\gui_generated\vcc_screen">
      <UniqueIdentifier>3B66660C-0959-B40E-1D85-534228FCEE91</UniqueIdentifier>
    </Filter>
    <Filter Include="Source Files\generated\gui_generated\heat_screen">
      <UniqueIdentifier>8EE4D5A0-5F2F-8919-B953-C435D2811582</UniqueIdentifier>
    </Filter>
    <Filter Include="Source Files\generated\gui_generated\wifi_screen">
      <UniqueIdentifier>51CFCBAA-6358-928C-5442-5BE7CDA896C7</UniqueIdentifier>
    </Filter>
    <Filter Include="Header Files\generated\gui_generated\heat_screen">
      <UniqueIdentifier>C0444CA3-8949-A4BE-4F46-E5AADD1949D0</UniqueIdentifier>
    </Filter>
    <Filter Include="Header Files\generated\gui_generated\are_screen">
      <UniqueIdentifier>16BB19E2-F5E8-9356-372F-69172EFE6C90</UniqueIdentifier>
    </Filter>
    <Filter Include="Source Files\generated\gui_generated\are_screen">
      <UniqueIdentifier>C1E4D4DE-6196-FE79-73F9-B72863193A14</UniqueIdentifier>
    </Filter>
    <Filter Include="Header Files\generated\gui_generated\wifi_screen">
      <UniqueIdentifier>BA76A222-0D05-F324-1970-5186C4F89609</UniqueIdentifier>
    </Filter>
    <Filter Include="Source Files\gui\oula_screen">
      <UniqueIdentifier>DD63E2DE-54DA-9F25-A826-F5A1D40DDC68</UniqueIdentifier>
    </Filter>
    <Filter Include="Header Files\gui\oula_screen">
      <UniqueIdentifier>16D8BB79-108C-F5C2-1538-CC3A4F6C8A13</UniqueIdentifier>
    </Filter>
    <Filter Include="Header Files\generated\gui_generated\oula_screen">
      <UniqueIdentifier>FB9AE6FA-82BA-75BF-64CF-A1E8859BCA93</UniqueIdentifier>
    </Filter>
    <Filter Include="Source Files\generated\gui_generated\oula_screen">
      <UniqueIdentifier>4A821B7B-1458-7EDE-5978-ADBF777CD524</UniqueIdentifier>
    </Filter>
    <Filter Include="Source Files\gui\adc_screen">
      <UniqueIdentifier>3266228D-FF2D-B87E-B973-7601949FD3FF</UniqueIdentifier>
    </Filter>
    <Filter Include="Header Files\gui\adc_screen">
      <UniqueIdentifier>7124F5AF-FCFF-3910-5DFA-D6BCDCF55FC1</UniqueIdentifier>
    </Filter>
    <Filter Include="Header Files\generated\gui_generated\adc_screen">
      <UniqueIdentifier>ADB3E1A5-C2BE-8E30-3A77-799685A1B778</UniqueIdentifier>
    </Filter>
    <Filter Include="Source Files\generated\gui_generated\adc_screen">
      <UniqueIdentifier>3107AC90-4D4C-F266-2B30-7B4579758A29</UniqueIdentifier>
    </Filter>
  </ItemGroup>
  <ItemGroup>
    <ClCompile Include="$(TouchGFXReleasePath)\framework\source\platform\driver\touch\SDL2TouchController.cpp">
      <Filter>Source Files\TouchGFX\platform\driver\touch</Filter>
    </ClCompile>
    <ClCompile Include="$(TouchGFXReleasePath)\framework\source\platform\hal\simulator\sdl2\HALSDL2.cpp">
      <Filter>Source Files\TouchGFX\platform\hal\simulator\sdl2</Filter>
    </ClCompile>
    <ClCompile Include="$(TouchGFXReleasePath)\framework\source\platform\hal\simulator\sdl2\HALSDL2_icon.cpp">
      <Filter>Source Files\TouchGFX\platform\hal\simulator\sdl2</Filter>
    </ClCompile>
    <ClCompile Include="$(TouchGFXReleasePath)\framework\source\platform\hal\simulator\sdl2\OSWrappers.cpp">
      <Filter>Source Files\TouchGFX\platform\hal\simulator\sdl2</Filter>
    </ClCompile>
    <ClCompile Include="$(ApplicationRoot)\simulator\main.cpp">
      <Filter>Source Files\simulator</Filter>
    </ClCompile>
    <ClCompile Include="$(ApplicationRoot)\generated\simulator\src\mainBase.cpp">
      <Filter>Source Files\generated\simulator</Filter>
    </ClCompile>
    <ClCompile Include="..\..\gui\src\common\FrontendApplication.cpp">
      <Filter>Source Files\gui\common</Filter>
    </ClCompile>
    <ClCompile Include="..\..\generated\gui_generated\src\common\FrontendApplicationBase.cpp">
      <Filter>Source Files\generated\gui_generated\common</Filter>
    </ClCompile>
    <ClCompile Include="..\..\gui\src\model\Model.cpp">
      <Filter>Source Files\gui\model</Filter>
    </ClCompile>
    <ClCompile Include="..\..\generated\simulator\src\video\SoftwareMJPEGDecoder.cpp">
      <Filter>Source Files\generated\simulator\video</Filter>
    </ClCompile>
    <ClCompile Include="..\..\gui\src\homescreen_screen\HomeScreenPresenter.cpp">
      <Filter>Source Files\gui\homescreen_screen</Filter>
    </ClCompile>
    <ClCompile Include="..\..\gui\src\homescreen_screen\HomeScreenView.cpp">
      <Filter>Source Files\gui\homescreen_screen</Filter>
    </ClCompile>
    <ClCompile Include="..\..\generated\gui_generated\src\homescreen_screen\HomeScreenViewBase.cpp">
      <Filter>Source Files\generated\gui_generated\homescreen_screen</Filter>
    </ClCompile>
    <ClCompile Include="..\..\gui\src\coutton_screen\couttonPresenter.cpp">
      <Filter>Source Files\gui\coutton_screen</Filter>
    </ClCompile>
    <ClCompile Include="..\..\gui\src\coutton_screen\couttonView.cpp">
      <Filter>Source Files\gui\coutton_screen</Filter>
    </ClCompile>
    <ClCompile Include="..\..\generated\gui_generated\src\coutton_screen\couttonViewBase.cpp">
      <Filter>Source Files\generated\gui_generated\coutton_screen</Filter>
    </ClCompile>
    <ClCompile Include="..\..\gui\src\main_page_screen\main_pagePresenter.cpp">
      <Filter>Source Files\gui\main_page_screen</Filter>
    </ClCompile>
    <ClCompile Include="..\..\gui\src\main_page_screen\main_pageView.cpp">
      <Filter>Source Files\gui\main_page_screen</Filter>
    </ClCompile>
    <ClCompile Include="..\..\generated\gui_generated\src\main_page_screen\main_pageViewBase.cpp">
      <Filter>Source Files\generated\gui_generated\main_page_screen</Filter>
    </ClCompile>
    <ClCompile Include="..\..\gui\src\timer_screen\timerPresenter.cpp">
      <Filter>Source Files\gui\timer_screen</Filter>
    </ClCompile>
    <ClCompile Include="..\..\gui\src\timer_screen\timerView.cpp">
      <Filter>Source Files\gui\timer_screen</Filter>
    </ClCompile>
    <ClCompile Include="..\..\generated\gui_generated\src\timer_screen\timerViewBase.cpp">
      <Filter>Source Files\generated\gui_generated\timer_screen</Filter>
    </ClCompile>
    <ClCompile Include="..\..\gui\src\are_screen\arePresenter.cpp">
      <Filter>Source Files\gui\are_screen</Filter>
    </ClCompile>
    <ClCompile Include="..\..\gui\src\are_screen\areView.cpp">
      <Filter>Source Files\gui\are_screen</Filter>
    </ClCompile>
    <ClCompile Include="..\..\generated\gui_generated\src\are_screen\areViewBase.cpp">
      <Filter>Source Files\generated\gui_generated\are_screen</Filter>
    </ClCompile>
    <ClCompile Include="..\..\gui\src\heat_screen\heatPresenter.cpp">
      <Filter>Source Files\gui\heat_screen</Filter>
    </ClCompile>
    <ClCompile Include="..\..\gui\src\heat_screen\heatView.cpp">
      <Filter>Source Files\gui\heat_screen</Filter>
    </ClCompile>
    <ClCompile Include="..\..\generated\gui_generated\src\heat_screen\heatViewBase.cpp">
      <Filter>Source Files\generated\gui_generated\heat_screen</Filter>
    </ClCompile>
    <ClCompile Include="..\..\gui\src\vcc_screen\VCCPresenter.cpp">
      <Filter>Source Files\gui\vcc_screen</Filter>
    </ClCompile>
    <ClCompile Include="..\..\gui\src\vcc_screen\VCCView.cpp">
      <Filter>Source Files\gui\vcc_screen</Filter>
    </ClCompile>
    <ClCompile Include="..\..\generated\gui_generated\src\vcc_screen\VCCViewBase.cpp">
      <Filter>Source Files\generated\gui_generated\vcc_screen</Filter>
    </ClCompile>
    <ClCompile Include="..\..\gui\src\wifi_screen\WIFIPresenter.cpp">
      <Filter>Source Files\gui\wifi_screen</Filter>
    </ClCompile>
    <ClCompile Include="..\..\gui\src\wifi_screen\WIFIView.cpp">
      <Filter>Source Files\gui\wifi_screen</Filter>
    </ClCompile>
    <ClCompile Include="..\..\generated\gui_generated\src\wifi_screen\WIFIViewBase.cpp">
      <Filter>Source Files\generated\gui_generated\wifi_screen</Filter>
    </ClCompile>
    <ClCompile Include="..\..\gui\src\oula_screen\oulaPresenter.cpp">
      <Filter>Source Files\gui\oula_screen</Filter>
    </ClCompile>
    <ClCompile Include="..\..\gui\src\oula_screen\oulaView.cpp">
      <Filter>Source Files\gui\oula_screen</Filter>
    </ClCompile>
    <ClCompile Include="..\..\generated\gui_generated\src\oula_screen\oulaViewBase.cpp">
      <Filter>Source Files\generated\gui_generated\oula_screen</Filter>
    </ClCompile>
    <ClCompile Include="..\..\gui\src\adc_screen\ADCPresenter.cpp">
      <Filter>Source Files\gui\adc_screen</Filter>
    </ClCompile>
    <ClCompile Include="..\..\gui\src\adc_screen\ADCView.cpp">
      <Filter>Source Files\gui\adc_screen</Filter>
    </ClCompile>
    <ClCompile Include="..\..\generated\gui_generated\src\adc_screen\ADCViewBase.cpp">
      <Filter>Source Files\generated\gui_generated\adc_screen</Filter>
    </ClCompile>
  </ItemGroup>
  <ItemGroup>
    <None Include="$(ApplicationRoot)\assets\texts\texts.xml">
      <Filter>Resource Files\assets\texts</Filter>
    </None>
    <None Include="$(ApplicationRoot)\config\msvs\Application.props">
      <Filter>Resource Files\config\msvs</Filter>
    </None>
  </ItemGroup>
  <ItemGroup>
    <ClInclude Include="$(TouchGFXReleasePath)\framework\include\common\AbstractPartition.hpp">
      <Filter>Header Files\TouchGFX\common</Filter>
    </ClInclude>
    <ClInclude Include="$(TouchGFXReleasePath)\framework\include\common\Meta.hpp">
      <Filter>Header Files\TouchGFX\common</Filter>
    </ClInclude>
    <ClInclude Include="$(TouchGFXReleasePath)\framework\include\common\Partition.hpp">
      <Filter>Header Files\TouchGFX\common</Filter>
    </ClInclude>
    <ClInclude Include="$(TouchGFXReleasePath)\framework\include\common\TouchGFXInit.hpp">
      <Filter>Header Files\TouchGFX\common</Filter>
    </ClInclude>
    <ClInclude Include="$(TouchGFXReleasePath)\framework\include\mvp\MVPApplication.hpp">
      <Filter>Header Files\TouchGFX\mvp</Filter>
    </ClInclude>
    <ClInclude Include="$(TouchGFXReleasePath)\framework\include\mvp\MVPHeap.hpp">
      <Filter>Header Files\TouchGFX\mvp</Filter>
    </ClInclude>
    <ClInclude Include="$(TouchGFXReleasePath)\framework\include\mvp\Presenter.hpp">
      <Filter>Header Files\TouchGFX\mvp</Filter>
    </ClInclude>
    <ClInclude Include="$(TouchGFXReleasePath)\framework\include\mvp\View.hpp">
      <Filter>Header Files\TouchGFX\mvp</Filter>
    </ClInclude>
    <ClInclude Include="$(TouchGFXReleasePath)\framework\include\platform\driver\lcd\LCD16bpp.hpp">
      <Filter>Header Files\TouchGFX\platform\driver\lcd</Filter>
    </ClInclude>
    <ClInclude Include="$(TouchGFXReleasePath)\framework\include\platform\driver\lcd\LCD1bpp.hpp">
      <Filter>Header Files\TouchGFX\platform\driver\lcd</Filter>
    </ClInclude>
    <ClInclude Include="$(TouchGFXReleasePath)\framework\include\platform\driver\lcd\LCD24bpp.hpp">
      <Filter>Header Files\TouchGFX\platform\driver\lcd</Filter>
    </ClInclude>
    <ClInclude Include="$(TouchGFXReleasePath)\framework\include\platform\driver\lcd\LCD2bpp.hpp">
      <Filter>Header Files\TouchGFX\platform\driver\lcd</Filter>
    </ClInclude>
    <ClInclude Include="$(TouchGFXReleasePath)\framework\include\platform\driver\lcd\LCD4bpp.hpp">
      <Filter>Header Files\TouchGFX\platform\driver\lcd</Filter>
    </ClInclude>
    <ClInclude Include="$(TouchGFXReleasePath)\framework\include\platform\driver\touch\SDL2TouchController.hpp">
      <Filter>Header Files\TouchGFX\platform\driver\touch</Filter>
    </ClInclude>
    <ClInclude Include="$(TouchGFXReleasePath)\framework\include\platform\hal\simulator\sdl2\HALSDL2.hpp">
      <Filter>Header Files\TouchGFX\platform\hal\simulator\sdl2</Filter>
    </ClInclude>
    <ClInclude Include="$(TouchGFXReleasePath)\framework\include\touchgfx\Application.hpp">
      <Filter>Header Files\TouchGFX\touchgfx</Filter>
    </ClInclude>
    <ClInclude Include="$(TouchGFXReleasePath)\framework\include\touchgfx\Bitmap.hpp">
      <Filter>Header Files\TouchGFX\touchgfx</Filter>
    </ClInclude>
    <ClInclude Include="$(TouchGFXReleasePath)\framework\include\touchgfx\Callback.hpp">
      <Filter>Header Files\TouchGFX\touchgfx</Filter>
    </ClInclude>
    <ClInclude Include="$(TouchGFXReleasePath)\framework\include\touchgfx\canvas_widget_renderer\CanvasWidgetRenderer.hpp">
      <Filter>Header Files\TouchGFX\touchgfx\canvas_widget_renderer</Filter>
    </ClInclude>
    <ClInclude Include="$(TouchGFXReleasePath)\framework\include\touchgfx\canvas_widget_renderer\Cell.hpp">
      <Filter>Header Files\TouchGFX\touchgfx\canvas_widget_renderer</Filter>
    </ClInclude>
    <ClInclude Include="$(TouchGFXReleasePath)\framework\include\touchgfx\canvas_widget_renderer\Outline.hpp">
      <Filter>Header Files\TouchGFX\touchgfx\canvas_widget_renderer</Filter>
    </ClInclude>
    <ClInclude Include="$(TouchGFXReleasePath)\framework\include\touchgfx\canvas_widget_renderer\Rasterizer.hpp">
      <Filter>Header Files\TouchGFX\touchgfx\canvas_widget_renderer</Filter>
    </ClInclude>
    <ClInclude Include="$(TouchGFXReleasePath)\framework\include\touchgfx\canvas_widget_renderer\Renderer.hpp">
      <Filter>Header Files\TouchGFX\touchgfx\canvas_widget_renderer</Filter>
    </ClInclude>
    <ClInclude Include="$(TouchGFXReleasePath)\framework\include\touchgfx\canvas_widget_renderer\RenderingBuffer.hpp">
      <Filter>Header Files\TouchGFX\touchgfx\canvas_widget_renderer</Filter>
    </ClInclude>
    <ClInclude Include="$(TouchGFXReleasePath)\framework\include\touchgfx\canvas_widget_renderer\RGBA8.hpp">
      <Filter>Header Files\TouchGFX\touchgfx\canvas_widget_renderer</Filter>
    </ClInclude>
    <ClInclude Include="$(TouchGFXReleasePath)\framework\include\touchgfx\canvas_widget_renderer\Scanline.hpp">
      <Filter>Header Files\TouchGFX\touchgfx\canvas_widget_renderer</Filter>
    </ClInclude>
    <ClInclude Include="$(TouchGFXReleasePath)\framework\include\touchgfx\Color.hpp">
      <Filter>Header Files\TouchGFX\touchgfx</Filter>
    </ClInclude>
    <ClInclude Include="$(TouchGFXReleasePath)\framework\include\touchgfx\ConstFont.hpp">
      <Filter>Header Files\TouchGFX\touchgfx</Filter>
    </ClInclude>
    <ClInclude Include="$(TouchGFXReleasePath)\framework\include\touchgfx\containers\clock\AbstractClock.hpp">
      <Filter>Header Files\TouchGFX\touchgfx\containers\clock</Filter>
    </ClInclude>
    <ClInclude Include="$(TouchGFXReleasePath)\framework\include\touchgfx\containers\clock\AnalogClock.hpp">
      <Filter>Header Files\TouchGFX\touchgfx\containers\clock</Filter>
    </ClInclude>
    <ClInclude Include="$(TouchGFXReleasePath)\framework\include\touchgfx\containers\clock\DigitalClock.hpp">
      <Filter>Header Files\TouchGFX\touchgfx\containers\clock</Filter>
    </ClInclude>
    <ClInclude Include="$(TouchGFXReleasePath)\framework\include\touchgfx\containers\Container.hpp">
      <Filter>Header Files\TouchGFX\touchgfx\containers</Filter>
    </ClInclude>
    <ClInclude Include="$(TouchGFXReleasePath)\framework\include\touchgfx\containers\ListLayout.hpp">
      <Filter>Header Files\TouchGFX\touchgfx\containers</Filter>
    </ClInclude>
    <ClInclude Include="$(TouchGFXReleasePath)\framework\include\touchgfx\containers\ModalWindow.hpp">
      <Filter>Header Files\TouchGFX\touchgfx\containers</Filter>
    </ClInclude>
    <ClInclude Include="$(TouchGFXReleasePath)\framework\include\touchgfx\containers\progress_indicators\AbstractDirectionProgress.hpp">
      <Filter>Header Files\TouchGFX\touchgfx\containers\progress_indicators</Filter>
    </ClInclude>
    <ClInclude Include="$(TouchGFXReleasePath)\framework\include\touchgfx\containers\progress_indicators\AbstractProgressIndicator.hpp">
      <Filter>Header Files\TouchGFX\touchgfx\containers\progress_indicators</Filter>
    </ClInclude>
    <ClInclude Include="$(TouchGFXReleasePath)\framework\include\touchgfx\containers\progress_indicators\BoxProgress.hpp">
      <Filter>Header Files\TouchGFX\touchgfx\containers\progress_indicators</Filter>
    </ClInclude>
    <ClInclude Include="$(TouchGFXReleasePath)\framework\include\touchgfx\containers\progress_indicators\CircleProgress.hpp">
      <Filter>Header Files\TouchGFX\touchgfx\containers\progress_indicators</Filter>
    </ClInclude>
    <ClInclude Include="$(TouchGFXReleasePath)\framework\include\touchgfx\containers\progress_indicators\ImageProgress.hpp">
      <Filter>Header Files\TouchGFX\touchgfx\containers\progress_indicators</Filter>
    </ClInclude>
    <ClInclude Include="$(TouchGFXReleasePath)\framework\include\touchgfx\containers\progress_indicators\LineProgress.hpp">
      <Filter>Header Files\TouchGFX\touchgfx\containers\progress_indicators</Filter>
    </ClInclude>
    <ClInclude Include="$(TouchGFXReleasePath)\framework\include\touchgfx\containers\progress_indicators\TextProgress.hpp">
      <Filter>Header Files\TouchGFX\touchgfx\containers\progress_indicators</Filter>
    </ClInclude>
    <ClInclude Include="$(TouchGFXReleasePath)\framework\include\touchgfx\containers\ScrollableContainer.hpp">
      <Filter>Header Files\TouchGFX\touchgfx\containers</Filter>
    </ClInclude>
    <ClInclude Include="$(TouchGFXReleasePath)\framework\include\touchgfx\containers\SlideMenu.hpp">
      <Filter>Header Files\TouchGFX\touchgfx\containers</Filter>
    </ClInclude>
    <ClInclude Include="$(TouchGFXReleasePath)\framework\include\touchgfx\containers\Slider.hpp">
      <Filter>Header Files\TouchGFX\touchgfx\containers</Filter>
    </ClInclude>
    <ClInclude Include="$(TouchGFXReleasePath)\framework\include\touchgfx\containers\ZoomAnimationImage.hpp">
      <Filter>Header Files\TouchGFX\touchgfx\containers</Filter>
    </ClInclude>
    <ClInclude Include="$(TouchGFXReleasePath)\framework\include\touchgfx\Drawable.hpp">
      <Filter>Header Files\TouchGFX\touchgfx</Filter>
    </ClInclude>
    <ClInclude Include="$(TouchGFXReleasePath)\framework\include\touchgfx\EasingEquations.hpp">
      <Filter>Header Files\TouchGFX\touchgfx</Filter>
    </ClInclude>
    <ClInclude Include="$(TouchGFXReleasePath)\framework\include\touchgfx\Event.hpp">
      <Filter>Header Files\TouchGFX\touchgfx</Filter>
    </ClInclude>
    <ClInclude Include="$(TouchGFXReleasePath)\framework\include\touchgfx\events\ClickEvent.hpp">
      <Filter>Header Files\TouchGFX\touchgfx\events</Filter>
    </ClInclude>
    <ClInclude Include="$(TouchGFXReleasePath)\framework\include\touchgfx\events\DragEvent.hpp">
      <Filter>Header Files\TouchGFX\touchgfx\events</Filter>
    </ClInclude>
    <ClInclude Include="$(TouchGFXReleasePath)\framework\include\touchgfx\events\GestureEvent.hpp">
      <Filter>Header Files\TouchGFX\touchgfx\events</Filter>
    </ClInclude>
    <ClInclude Include="$(TouchGFXReleasePath)\framework\include\touchgfx\Font.hpp">
      <Filter>Header Files\TouchGFX\touchgfx</Filter>
    </ClInclude>
    <ClInclude Include="$(TouchGFXReleasePath)\framework\include\touchgfx\FontManager.hpp">
      <Filter>Header Files\TouchGFX\touchgfx</Filter>
    </ClInclude>
    <ClInclude Include="$(TouchGFXReleasePath)\framework\include\touchgfx\hal\Atomic.hpp">
      <Filter>Header Files\TouchGFX\touchgfx\hal</Filter>
    </ClInclude>
    <ClInclude Include="$(TouchGFXReleasePath)\framework\include\touchgfx\hal\BlitOp.hpp">
      <Filter>Header Files\TouchGFX\touchgfx\hal</Filter>
    </ClInclude>
    <ClInclude Include="$(TouchGFXReleasePath)\framework\include\touchgfx\hal\BoardConfiguration.hpp">
      <Filter>Header Files\TouchGFX\touchgfx\hal</Filter>
    </ClInclude>
    <ClInclude Include="$(TouchGFXReleasePath)\framework\include\touchgfx\hal\Buttons.hpp">
      <Filter>Header Files\TouchGFX\touchgfx\hal</Filter>
    </ClInclude>
    <ClInclude Include="$(TouchGFXReleasePath)\framework\include\touchgfx\hal\Config.hpp">
      <Filter>Header Files\TouchGFX\touchgfx\hal</Filter>
    </ClInclude>
    <ClInclude Include="$(TouchGFXReleasePath)\framework\include\touchgfx\hal\DMA.hpp">
      <Filter>Header Files\TouchGFX\touchgfx\hal</Filter>
    </ClInclude>
    <ClInclude Include="$(TouchGFXReleasePath)\framework\include\touchgfx\hal\Gestures.hpp">
      <Filter>Header Files\TouchGFX\touchgfx\hal</Filter>
    </ClInclude>
    <ClInclude Include="$(TouchGFXReleasePath)\framework\include\touchgfx\hal\GPIO.hpp">
      <Filter>Header Files\TouchGFX\touchgfx\hal</Filter>
    </ClInclude>
    <ClInclude Include="$(TouchGFXReleasePath)\framework\include\touchgfx\hal\HAL.hpp">
      <Filter>Header Files\TouchGFX\touchgfx\hal</Filter>
    </ClInclude>
    <ClInclude Include="$(TouchGFXReleasePath)\framework\include\touchgfx\hal\LED.hpp">
      <Filter>Header Files\TouchGFX\touchgfx\hal</Filter>
    </ClInclude>
    <ClInclude Include="$(TouchGFXReleasePath)\framework\include\touchgfx\hal\NoDMA.hpp">
      <Filter>Header Files\TouchGFX\touchgfx\hal</Filter>
    </ClInclude>
    <ClInclude Include="$(TouchGFXReleasePath)\framework\include\touchgfx\hal\OSWrappers.hpp">
      <Filter>Header Files\TouchGFX\touchgfx\hal</Filter>
    </ClInclude>
    <ClInclude Include="$(TouchGFXReleasePath)\framework\include\touchgfx\hal\Types.hpp">
      <Filter>Header Files\TouchGFX\touchgfx\hal</Filter>
    </ClInclude>
    <ClInclude Include="$(TouchGFXReleasePath)\framework\include\touchgfx\InternalFlashFont.hpp">
      <Filter>Header Files\TouchGFX\touchgfx</Filter>
    </ClInclude>
    <ClInclude Include="$(TouchGFXReleasePath)\framework\include\touchgfx\JSMOCHelper.hpp">
      <Filter>Header Files\TouchGFX\touchgfx</Filter>
    </ClInclude>
    <ClInclude Include="$(TouchGFXReleasePath)\framework\include\touchgfx\lcd\LCD.hpp">
      <Filter>Header Files\TouchGFX\touchgfx\lcd</Filter>
    </ClInclude>
    <ClInclude Include="$(TouchGFXReleasePath)\framework\include\touchgfx\Math3D.hpp">
      <Filter>Header Files\TouchGFX\touchgfx</Filter>
    </ClInclude>
    <ClInclude Include="$(TouchGFXReleasePath)\framework\include\touchgfx\mixins\ClickListener.hpp">
      <Filter>Header Files\TouchGFX\touchgfx\mixins</Filter>
    </ClInclude>
    <ClInclude Include="$(TouchGFXReleasePath)\framework\include\touchgfx\mixins\Draggable.hpp">
      <Filter>Header Files\TouchGFX\touchgfx\mixins</Filter>
    </ClInclude>
    <ClInclude Include="$(TouchGFXReleasePath)\framework\include\touchgfx\mixins\FadeAnimator.hpp">
      <Filter>Header Files\TouchGFX\touchgfx\mixins</Filter>
    </ClInclude>
    <ClInclude Include="$(TouchGFXReleasePath)\framework\include\touchgfx\mixins\MoveAnimator.hpp">
      <Filter>Header Files\TouchGFX\touchgfx\mixins</Filter>
    </ClInclude>
    <ClInclude Include="$(TouchGFXReleasePath)\framework\include\touchgfx\mixins\PreRenderable.hpp">
      <Filter>Header Files\TouchGFX\touchgfx\mixins</Filter>
    </ClInclude>
    <ClInclude Include="$(TouchGFXReleasePath)\framework\include\touchgfx\mixins\Snapper.hpp">
      <Filter>Header Files\TouchGFX\touchgfx\mixins</Filter>
    </ClInclude>
    <ClInclude Include="$(TouchGFXReleasePath)\framework\include\touchgfx\Screen.hpp">
      <Filter>Header Files\TouchGFX\touchgfx</Filter>
    </ClInclude>
    <ClInclude Include="$(TouchGFXReleasePath)\framework\include\touchgfx\TextProvider.hpp">
      <Filter>Header Files\TouchGFX\touchgfx</Filter>
    </ClInclude>
    <ClInclude Include="$(TouchGFXReleasePath)\framework\include\touchgfx\Texts.hpp">
      <Filter>Header Files\TouchGFX\touchgfx</Filter>
    </ClInclude>
    <ClInclude Include="$(TouchGFXReleasePath)\framework\include\touchgfx\TextureMapTypes.hpp">
      <Filter>Header Files\TouchGFX\touchgfx</Filter>
    </ClInclude>
    <ClInclude Include="$(TouchGFXReleasePath)\framework\include\touchgfx\transforms\DisplayTransformation.hpp">
      <Filter>Header Files\TouchGFX\touchgfx\transforms</Filter>
    </ClInclude>
    <ClInclude Include="$(TouchGFXReleasePath)\framework\include\touchgfx\transforms\TouchCalibration.hpp">
      <Filter>Header Files\TouchGFX\touchgfx\transforms</Filter>
    </ClInclude>
    <ClInclude Include="$(TouchGFXReleasePath)\framework\include\touchgfx\transitions\NoTransition.hpp">
      <Filter>Header Files\TouchGFX\touchgfx\transitions</Filter>
    </ClInclude>
    <ClInclude Include="$(TouchGFXReleasePath)\framework\include\touchgfx\transitions\SlideTransition.hpp">
      <Filter>Header Files\TouchGFX\touchgfx\transitions</Filter>
    </ClInclude>
    <ClInclude Include="$(TouchGFXReleasePath)\framework\include\touchgfx\transitions\Transition.hpp">
      <Filter>Header Files\TouchGFX\touchgfx\transitions</Filter>
    </ClInclude>
    <ClInclude Include="$(TouchGFXReleasePath)\framework\include\touchgfx\TypedText.hpp">
      <Filter>Header Files\TouchGFX\touchgfx</Filter>
    </ClInclude>
    <ClInclude Include="$(TouchGFXReleasePath)\framework\include\touchgfx\UIEventListener.hpp">
      <Filter>Header Files\TouchGFX\touchgfx</Filter>
    </ClInclude>
    <ClInclude Include="$(TouchGFXReleasePath)\framework\include\touchgfx\Unicode.hpp">
      <Filter>Header Files\TouchGFX\touchgfx</Filter>
    </ClInclude>
    <ClInclude Include="$(TouchGFXReleasePath)\framework\include\touchgfx\Utils.hpp">
      <Filter>Header Files\TouchGFX\touchgfx</Filter>
    </ClInclude>
    <ClInclude Include="$(TouchGFXReleasePath)\framework\include\touchgfx\widgets\AbstractButton.hpp">
      <Filter>Header Files\TouchGFX\touchgfx\widgets</Filter>
    </ClInclude>
    <ClInclude Include="$(TouchGFXReleasePath)\framework\include\touchgfx\widgets\AnimatedImage.hpp">
      <Filter>Header Files\TouchGFX\touchgfx\widgets</Filter>
    </ClInclude>
    <ClInclude Include="$(TouchGFXReleasePath)\framework\include\touchgfx\widgets\AnimationTextureMapper.hpp">
      <Filter>Header Files\TouchGFX\touchgfx\widgets</Filter>
    </ClInclude>
    <ClInclude Include="$(TouchGFXReleasePath)\framework\include\touchgfx\widgets\Box.hpp">
      <Filter>Header Files\TouchGFX\touchgfx\widgets</Filter>
    </ClInclude>
    <ClInclude Include="$(TouchGFXReleasePath)\framework\include\touchgfx\widgets\Button.hpp">
      <Filter>Header Files\TouchGFX\touchgfx\widgets</Filter>
    </ClInclude>
    <ClInclude Include="$(TouchGFXReleasePath)\framework\include\touchgfx\widgets\ButtonWithIcon.hpp">
      <Filter>Header Files\TouchGFX\touchgfx\widgets</Filter>
    </ClInclude>
    <ClInclude Include="$(TouchGFXReleasePath)\framework\include\touchgfx\widgets\ButtonWithLabel.hpp">
      <Filter>Header Files\TouchGFX\touchgfx\widgets</Filter>
    </ClInclude>
    <ClInclude Include="$(TouchGFXReleasePath)\framework\include\touchgfx\widgets\canvas\AbstractPainter.hpp">
      <Filter>Header Files\TouchGFX\touchgfx\widgets\canvas</Filter>
    </ClInclude>
    <ClInclude Include="$(TouchGFXReleasePath)\framework\include\touchgfx\widgets\canvas\AbstractPainterBW.hpp">
      <Filter>Header Files\TouchGFX\touchgfx\widgets\canvas</Filter>
    </ClInclude>
    <ClInclude Include="$(TouchGFXReleasePath)\framework\include\touchgfx\widgets\canvas\AbstractPainterGRAY2.hpp">
      <Filter>Header Files\TouchGFX\touchgfx\widgets\canvas</Filter>
    </ClInclude>
    <ClInclude Include="$(TouchGFXReleasePath)\framework\include\touchgfx\widgets\canvas\AbstractPainterGRAY4.hpp">
      <Filter>Header Files\TouchGFX\touchgfx\widgets\canvas</Filter>
    </ClInclude>
    <ClInclude Include="$(TouchGFXReleasePath)\framework\include\touchgfx\widgets\canvas\AbstractPainterRGB565.hpp">
      <Filter>Header Files\TouchGFX\touchgfx\widgets\canvas</Filter>
    </ClInclude>
    <ClInclude Include="$(TouchGFXReleasePath)\framework\include\touchgfx\widgets\canvas\AbstractPainterRGB888.hpp">
      <Filter>Header Files\TouchGFX\touchgfx\widgets\canvas</Filter>
    </ClInclude>
    <ClInclude Include="$(TouchGFXReleasePath)\framework\include\touchgfx\widgets\canvas\AbstractShape.hpp">
      <Filter>Header Files\TouchGFX\touchgfx\widgets\canvas</Filter>
    </ClInclude>
    <ClInclude Include="$(TouchGFXReleasePath)\framework\include\touchgfx\widgets\canvas\Canvas.hpp">
      <Filter>Header Files\TouchGFX\touchgfx\widgets\canvas</Filter>
    </ClInclude>
    <ClInclude Include="$(TouchGFXReleasePath)\framework\include\touchgfx\widgets\canvas\CanvasWidget.hpp">
      <Filter>Header Files\TouchGFX\touchgfx\widgets\canvas</Filter>
    </ClInclude>
    <ClInclude Include="$(TouchGFXReleasePath)\framework\include\touchgfx\widgets\canvas\Circle.hpp">
      <Filter>Header Files\TouchGFX\touchgfx\widgets\canvas</Filter>
    </ClInclude>
    <ClInclude Include="$(TouchGFXReleasePath)\framework\include\touchgfx\widgets\canvas\CWRUtil.hpp">
      <Filter>Header Files\TouchGFX\touchgfx\widgets\canvas</Filter>
    </ClInclude>
    <ClInclude Include="$(TouchGFXReleasePath)\framework\include\touchgfx\widgets\canvas\Line.hpp">
      <Filter>Header Files\TouchGFX\touchgfx\widgets\canvas</Filter>
    </ClInclude>
    <ClInclude Include="$(TouchGFXReleasePath)\framework\include\touchgfx\widgets\canvas\PainterBW.hpp">
      <Filter>Header Files\TouchGFX\touchgfx\widgets\canvas</Filter>
    </ClInclude>
    <ClInclude Include="$(TouchGFXReleasePath)\framework\include\touchgfx\widgets\canvas\PainterGRAY2.hpp">
      <Filter>Header Files\TouchGFX\touchgfx\widgets\canvas</Filter>
    </ClInclude>
    <ClInclude Include="$(TouchGFXReleasePath)\framework\include\touchgfx\widgets\canvas\PainterGRAY2Bitmap.hpp">
      <Filter>Header Files\TouchGFX\touchgfx\widgets\canvas</Filter>
    </ClInclude>
    <ClInclude Include="$(TouchGFXReleasePath)\framework\include\touchgfx\widgets\canvas\PainterGRAY4.hpp">
      <Filter>Header Files\TouchGFX\touchgfx\widgets\canvas</Filter>
    </ClInclude>
    <ClInclude Include="$(TouchGFXReleasePath)\framework\include\touchgfx\widgets\canvas\PainterGRAY4Bitmap.hpp">
      <Filter>Header Files\TouchGFX\touchgfx\widgets\canvas</Filter>
    </ClInclude>
    <ClInclude Include="$(TouchGFXReleasePath)\framework\include\touchgfx\widgets\canvas\PainterRGB565.hpp">
      <Filter>Header Files\TouchGFX\touchgfx\widgets\canvas</Filter>
    </ClInclude>
    <ClInclude Include="$(TouchGFXReleasePath)\framework\include\touchgfx\widgets\canvas\PainterRGB565Bitmap.hpp">
      <Filter>Header Files\TouchGFX\touchgfx\widgets\canvas</Filter>
    </ClInclude>
    <ClInclude Include="$(TouchGFXReleasePath)\framework\include\touchgfx\widgets\canvas\PainterRGB888.hpp">
      <Filter>Header Files\TouchGFX\touchgfx\widgets\canvas</Filter>
    </ClInclude>
    <ClInclude Include="$(TouchGFXReleasePath)\framework\include\touchgfx\widgets\canvas\PainterRGB888Bitmap.hpp">
      <Filter>Header Files\TouchGFX\touchgfx\widgets\canvas</Filter>
    </ClInclude>
    <ClInclude Include="$(TouchGFXReleasePath)\framework\include\touchgfx\widgets\canvas\Shape.hpp">
      <Filter>Header Files\TouchGFX\touchgfx\widgets\canvas</Filter>
    </ClInclude>
    <ClInclude Include="$(TouchGFXReleasePath)\framework\include\touchgfx\widgets\Image.hpp">
      <Filter>Header Files\TouchGFX\touchgfx\widgets</Filter>
    </ClInclude>
    <ClInclude Include="$(TouchGFXReleasePath)\framework\include\touchgfx\widgets\Keyboard.hpp">
      <Filter>Header Files\TouchGFX\touchgfx\widgets</Filter>
    </ClInclude>
    <ClInclude Include="$(TouchGFXReleasePath)\framework\include\touchgfx\widgets\PixelDataWidget.hpp">
      <Filter>Header Files\TouchGFX\touchgfx\widgets</Filter>
    </ClInclude>
    <ClInclude Include="$(TouchGFXReleasePath)\framework\include\touchgfx\widgets\RadioButton.hpp">
      <Filter>Header Files\TouchGFX\touchgfx\widgets</Filter>
    </ClInclude>
    <ClInclude Include="$(TouchGFXReleasePath)\framework\include\touchgfx\widgets\RadioButtonGroup.hpp">
      <Filter>Header Files\TouchGFX\touchgfx\widgets</Filter>
    </ClInclude>
    <ClInclude Include="$(TouchGFXReleasePath)\framework\include\touchgfx\widgets\RepeatButton.hpp">
      <Filter>Header Files\TouchGFX\touchgfx\widgets</Filter>
    </ClInclude>
    <ClInclude Include="$(TouchGFXReleasePath)\framework\include\touchgfx\widgets\ScalableImage.hpp">
      <Filter>Header Files\TouchGFX\touchgfx\widgets</Filter>
    </ClInclude>
    <ClInclude Include="$(TouchGFXReleasePath)\framework\include\touchgfx\widgets\SnapshotWidget.hpp">
      <Filter>Header Files\TouchGFX\touchgfx\widgets</Filter>
    </ClInclude>
    <ClInclude Include="$(TouchGFXReleasePath)\framework\include\touchgfx\widgets\TextArea.hpp">
      <Filter>Header Files\TouchGFX\touchgfx\widgets</Filter>
    </ClInclude>
    <ClInclude Include="$(TouchGFXReleasePath)\framework\include\touchgfx\widgets\TextAreaWithWildcard.hpp">
      <Filter>Header Files\TouchGFX\touchgfx\widgets</Filter>
    </ClInclude>
    <ClInclude Include="$(TouchGFXReleasePath)\framework\include\touchgfx\widgets\TextureMapper.hpp">
      <Filter>Header Files\TouchGFX\touchgfx\widgets</Filter>
    </ClInclude>
    <ClInclude Include="$(TouchGFXReleasePath)\framework\include\touchgfx\widgets\TiledImage.hpp">
      <Filter>Header Files\TouchGFX\touchgfx\widgets</Filter>
    </ClInclude>
    <ClInclude Include="$(TouchGFXReleasePath)\framework\include\touchgfx\widgets\ToggleButton.hpp">
      <Filter>Header Files\TouchGFX\touchgfx\widgets</Filter>
    </ClInclude>
    <ClInclude Include="$(TouchGFXReleasePath)\framework\include\touchgfx\widgets\TouchArea.hpp">
      <Filter>Header Files\TouchGFX\touchgfx\widgets</Filter>
    </ClInclude>
    <ClInclude Include="$(TouchGFXReleasePath)\framework\include\touchgfx\widgets\Widget.hpp">
      <Filter>Header Files\TouchGFX\touchgfx\widgets</Filter>
    </ClInclude>
    <ClInclude Include="$(ApplicationRoot)\generated\simulator\include\simulator\mainBase.hpp">
      <Filter>Header Files\generated\simulator</Filter>
    </ClInclude>
    <ClInclude Include="..\..\generated\simulator\include\simulator\video\DirectFrameBufferVideoController.hpp">
      <Filter>Header Files\generated\simulator\include\simulator\video</Filter>
    </ClInclude>
    <ClInclude Include="..\..\gui\include\gui\common\FrontendApplication.hpp">
      <Filter>Header Files\gui\common</Filter>
    </ClInclude>
    <ClInclude Include="..\..\generated\gui_generated\include\gui_generated\common\FrontendApplicationBase.hpp">
      <Filter>Header Files\generated\gui_generated\common</Filter>
    </ClInclude>
    <ClInclude Include="..\..\gui\include\gui\common\FrontendHeap.hpp">
      <Filter>Header Files\gui\common</Filter>
    </ClInclude>
    <ClInclude Include="..\..\generated\gui_generated\include\gui_generated\common\FrontendHeapBase.hpp">
      <Filter>Header Files\generated\gui_generated\common</Filter>
    </ClInclude>
    <ClInclude Include="..\..\generated\simulator\include\simulator\video\MJPEGDecoder.hpp">
      <Filter>Header Files\generated\simulator\include\simulator\video</Filter>
    </ClInclude>
    <ClInclude Include="..\..\gui\include\gui\model\Model.hpp">
      <Filter>Header Files\gui\model</Filter>
    </ClInclude>
    <ClInclude Include="..\..\gui\include\gui\model\ModelListener.hpp">
      <Filter>Header Files\gui\model</Filter>
    </ClInclude>
    <ClInclude Include="..\..\generated\gui_generated\include\gui_generated\common\SimConstants.hpp">
      <Filter>Header Files\generated\gui_generated\common</Filter>
    </ClInclude>
    <ClInclude Include="..\..\generated\simulator\include\simulator\video\SoftwareMJPEGDecoder.hpp">
      <Filter>Header Files\generated\simulator\include\simulator\video</Filter>
    </ClInclude>
    <ClInclude Include="..\..\gui\include\gui\homescreen_screen\HomeScreenPresenter.hpp">
      <Filter>Header Files\gui\homescreen_screen</Filter>
    </ClInclude>
    <ClInclude Include="..\..\gui\include\gui\homescreen_screen\HomeScreenView.hpp">
      <Filter>Header Files\gui\homescreen_screen</Filter>
    </ClInclude>
    <ClInclude Include="..\..\generated\gui_generated\include\gui_generated\homescreen_screen\HomeScreenViewBase.hpp">
      <Filter>Header Files\generated\gui_generated\homescreen_screen</Filter>
    </ClInclude>
    <ClInclude Include="..\..\gui\include\gui\coutton_screen\couttonPresenter.hpp">
      <Filter>Header Files\gui\coutton_screen</Filter>
    </ClInclude>
    <ClInclude Include="..\..\gui\include\gui\coutton_screen\couttonView.hpp">
      <Filter>Header Files\gui\coutton_screen</Filter>
    </ClInclude>
    <ClInclude Include="..\..\generated\gui_generated\include\gui_generated\coutton_screen\couttonViewBase.hpp">
      <Filter>Header Files\generated\gui_generated\coutton_screen</Filter>
    </ClInclude>
    <ClInclude Include="..\..\gui\include\gui\main_page_screen\main_pagePresenter.hpp">
      <Filter>Header Files\gui\main_page_screen</Filter>
    </ClInclude>
    <ClInclude Include="..\..\gui\include\gui\main_page_screen\main_pageView.hpp">
      <Filter>Header Files\gui\main_page_screen</Filter>
    </ClInclude>
    <ClInclude Include="..\..\generated\gui_generated\include\gui_generated\main_page_screen\main_pageViewBase.hpp">
      <Filter>Header Files\generated\gui_generated\main_page_screen</Filter>
    </ClInclude>
    <ClInclude Include="..\..\gui\include\gui\timer_screen\timerPresenter.hpp">
      <Filter>Header Files\gui\timer_screen</Filter>
    </ClInclude>
    <ClInclude Include="..\..\gui\include\gui\timer_screen\timerView.hpp">
      <Filter>Header Files\gui\timer_screen</Filter>
    </ClInclude>
    <ClInclude Include="..\..\generated\gui_generated\include\gui_generated\timer_screen\timerViewBase.hpp">
      <Filter>Header Files\generated\gui_generated\timer_screen</Filter>
    </ClInclude>
    <ClInclude Include="..\..\gui\include\gui\are_screen\arePresenter.hpp">
      <Filter>Header Files\gui\are_screen</Filter>
    </ClInclude>
    <ClInclude Include="..\..\gui\include\gui\are_screen\areView.hpp">
      <Filter>Header Files\gui\are_screen</Filter>
    </ClInclude>
    <ClInclude Include="..\..\generated\gui_generated\include\gui_generated\are_screen\areViewBase.hpp">
      <Filter>Header Files\generated\gui_generated\are_screen</Filter>
    </ClInclude>
    <ClInclude Include="..\..\gui\include\gui\heat_screen\heatPresenter.hpp">
      <Filter>Header Files\gui\heat_screen</Filter>
    </ClInclude>
    <ClInclude Include="..\..\gui\include\gui\heat_screen\heatView.hpp">
      <Filter>Header Files\gui\heat_screen</Filter>
    </ClInclude>
    <ClInclude Include="..\..\generated\gui_generated\include\gui_generated\heat_screen\heatViewBase.hpp">
      <Filter>Header Files\generated\gui_generated\heat_screen</Filter>
    </ClInclude>
    <ClInclude Include="..\..\gui\include\gui\vcc_screen\VCCPresenter.hpp">
      <Filter>Header Files\gui\vcc_screen</Filter>
    </ClInclude>
    <ClInclude Include="..\..\gui\include\gui\vcc_screen\VCCView.hpp">
      <Filter>Header Files\gui\vcc_screen</Filter>
    </ClInclude>
    <ClInclude Include="..\..\generated\gui_generated\include\gui_generated\vcc_screen\VCCViewBase.hpp">
      <Filter>Header Files\generated\gui_generated\vcc_screen</Filter>
    </ClInclude>
    <ClInclude Include="..\..\gui\include\gui\wifi_screen\WIFIPresenter.hpp">
      <Filter>Header Files\gui\wifi_screen</Filter>
    </ClInclude>
    <ClInclude Include="..\..\gui\include\gui\wifi_screen\WIFIView.hpp">
      <Filter>Header Files\gui\wifi_screen</Filter>
    </ClInclude>
    <ClInclude Include="..\..\generated\gui_generated\include\gui_generated\wifi_screen\WIFIViewBase.hpp">
      <Filter>Header Files\generated\gui_generated\wifi_screen</Filter>
    </ClInclude>
    <ClInclude Include="..\..\gui\include\gui\oula_screen\oulaPresenter.hpp">
      <Filter>Header Files\gui\oula_screen</Filter>
    </ClInclude>
    <ClInclude Include="..\..\gui\include\gui\oula_screen\oulaView.hpp">
      <Filter>Header Files\gui\oula_screen</Filter>
    </ClInclude>
    <ClInclude Include="..\..\generated\gui_generated\include\gui_generated\oula_screen\oulaViewBase.hpp">
      <Filter>Header Files\generated\gui_generated\oula_screen</Filter>
    </ClInclude>
    <ClInclude Include="..\..\gui\include\gui\adc_screen\ADCPresenter.hpp">
      <Filter>Header Files\gui\adc_screen</Filter>
    </ClInclude>
    <ClInclude Include="..\..\gui\include\gui\adc_screen\ADCView.hpp">
      <Filter>Header Files\gui\adc_screen</Filter>
    </ClInclude>
    <ClInclude Include="..\..\generated\gui_generated\include\gui_generated\adc_screen\ADCViewBase.hpp">
      <Filter>Header Files\generated\gui_generated\adc_screen</Filter>
    </ClInclude>
  </ItemGroup>
  <ItemGroup>
    <ResourceCompile Include="$(ApplicationRoot)\generated\simulator\touchgfx.rc">
      <Filter>Resource Files</Filter>
    </ResourceCompile>
  </ItemGroup>
</Project>
